// !$*UTF8*$!
{
	archiveVersion = 1;
	classes = {
	};
	objectVersion = 55;
	objects = {

/* Begin PBXBuildFile section */
		55218CED19A30165B4C7D6AD /* Pods_Zein_shopping.framework in Frameworks */ = {isa = PBXBuildFile; fileRef = F7974B9B25366F42019CF3C2 /* Pods_Zein_shopping.framework */; };
		EB0025D528AA2AD200441451 /* OrdersTableViewCell.swift in Sources */ = {isa = PBXBuildFile; fileRef = EB0025D428AA2AD200441451 /* OrdersTableViewCell.swift */; };
		EB0025D728AA2BD800441451 /* UIView.swift in Sources */ = {isa = PBXBuildFile; fileRef = EB0025D628AA2BD800441451 /* UIView.swift */; };
		EB0025DA28AA6CFE00441451 /* OrderDetailViewController.swift in Sources */ = {isa = PBXBuildFile; fileRef = EB0025D928AA6CFE00441451 /* OrderDetailViewController.swift */; };
		EB0025DE28AB048700441451 /* OrderDetailTableViewCell.swift in Sources */ = {isa = PBXBuildFile; fileRef = EB0025DD28AB048700441451 /* OrderDetailTableViewCell.swift */; };
		EB0025E128AB985300441451 /* StorageProvider.swift in Sources */ = {isa = PBXBuildFile; fileRef = EB0025E028AB985300441451 /* StorageProvider.swift */; };
		EB0025E428AB98A100441451 /* OrderFaves.xcdatamodeld in Sources */ = {isa = PBXBuildFile; fileRef = EB0025E228AB98A100441451 /* OrderFaves.xcdatamodeld */; };
		EB0025E628AC49BF00441451 /* whoosh1.wav in Resources */ = {isa = PBXBuildFile; fileRef = EB0025E528AC49BF00441451 /* whoosh1.wav */; };
		EBEDBA7528A9AEBA007D3EC6 /* AppDelegate.swift in Sources */ = {isa = PBXBuildFile; fileRef = EBEDBA7428A9AEBA007D3EC6 /* AppDelegate.swift */; };
		EBEDBA7728A9AEBA007D3EC6 /* SceneDelegate.swift in Sources */ = {isa = PBXBuildFile; fileRef = EBEDBA7628A9AEBA007D3EC6 /* SceneDelegate.swift */; };
		EBEDBA7928A9AEBA007D3EC6 /* OrdersViewController.swift in Sources */ = {isa = PBXBuildFile; fileRef = EBEDBA7828A9AEBA007D3EC6 /* OrdersViewController.swift */; };
		EBEDBA7E28A9AEBE007D3EC6 /* Assets.xcassets in Resources */ = {isa = PBXBuildFile; fileRef = EBEDBA7D28A9AEBE007D3EC6 /* Assets.xcassets */; };
		EBEDBA8128A9AEBE007D3EC6 /* LaunchScreen.storyboard in Resources */ = {isa = PBXBuildFile; fileRef = EBEDBA7F28A9AEBE007D3EC6 /* LaunchScreen.storyboard */; };
		EBEDBA8F28A9B0AE007D3EC6 /* APIClient.swift in Sources */ = {isa = PBXBuildFile; fileRef = EBEDBA8E28A9B0AE007D3EC6 /* APIClient.swift */; };
		EBEDBA9128A9B118007D3EC6 /* APIClientResponse.swift in Sources */ = {isa = PBXBuildFile; fileRef = EBEDBA9028A9B118007D3EC6 /* APIClientResponse.swift */; };
		EBEDBA9328A9B61F007D3EC6 /* Constants.swift in Sources */ = {isa = PBXBuildFile; fileRef = EBEDBA9228A9B61F007D3EC6 /* Constants.swift */; };
/* End PBXBuildFile section */

/* Begin PBXFileReference section */
		2523CE66F2DF3979178D4A9D /* Pods-Zein_shopping.release.xcconfig */ = {isa = PBXFileReference; includeInIndex = 1; lastKnownFileType = text.xcconfig; name = "Pods-Zein_shopping.release.xcconfig"; path = "Target Support Files/Pods-Zein_shopping/Pods-Zein_shopping.release.xcconfig"; sourceTree = "<group>"; };
		9C88205005472E12C132CA20 /* Pods-Zein_shopping.debug.xcconfig */ = {isa = PBXFileReference; includeInIndex = 1; lastKnownFileType = text.xcconfig; name = "Pods-Zein_shopping.debug.xcconfig"; path = "Target Support Files/Pods-Zein_shopping/Pods-Zein_shopping.debug.xcconfig"; sourceTree = "<group>"; };
		EB0025D428AA2AD200441451 /* OrdersTableViewCell.swift */ = {isa = PBXFileReference; lastKnownFileType = sourcecode.swift; path = OrdersTableViewCell.swift; sourceTree = "<group>"; };
		EB0025D628AA2BD800441451 /* UIView.swift */ = {isa = PBXFileReference; lastKnownFileType = sourcecode.swift; path = UIView.swift; sourceTree = "<group>"; };
		EB0025D928AA6CFE00441451 /* OrderDetailViewController.swift */ = {isa = PBXFileReference; lastKnownFileType = sourcecode.swift; path = OrderDetailViewController.swift; sourceTree = "<group>"; };
		EB0025DD28AB048700441451 /* OrderDetailTableViewCell.swift */ = {isa = PBXFileReference; lastKnownFileType = sourcecode.swift; path = OrderDetailTableViewCell.swift; sourceTree = "<group>"; };
		EB0025E028AB985300441451 /* StorageProvider.swift */ = {isa = PBXFileReference; lastKnownFileType = sourcecode.swift; path = StorageProvider.swift; sourceTree = "<group>"; };
		EB0025E328AB98A100441451 /* OrderFaves.xcdatamodel */ = {isa = PBXFileReference; lastKnownFileType = wrapper.xcdatamodel; path = OrderFaves.xcdatamodel; sourceTree = "<group>"; };
		EB0025E528AC49BF00441451 /* whoosh1.wav */ = {isa = PBXFileReference; lastKnownFileType = audio.wav; name = whoosh1.wav; path = ../../../../Downloads/whoosh1.wav; sourceTree = "<group>"; };
		EBEDBA7128A9AEBA007D3EC6 /* Zein_shopping.app */ = {isa = PBXFileReference; explicitFileType = wrapper.application; includeInIndex = 0; path = Zein_shopping.app; sourceTree = BUILT_PRODUCTS_DIR; };
		EBEDBA7428A9AEBA007D3EC6 /* AppDelegate.swift */ = {isa = PBXFileReference; lastKnownFileType = sourcecode.swift; path = AppDelegate.swift; sourceTree = "<group>"; };
		EBEDBA7628A9AEBA007D3EC6 /* SceneDelegate.swift */ = {isa = PBXFileReference; lastKnownFileType = sourcecode.swift; path = SceneDelegate.swift; sourceTree = "<group>"; };
		EBEDBA7828A9AEBA007D3EC6 /* OrdersViewController.swift */ = {isa = PBXFileReference; lastKnownFileType = sourcecode.swift; path = OrdersViewController.swift; sourceTree = "<group>"; };
		EBEDBA7D28A9AEBE007D3EC6 /* Assets.xcassets */ = {isa = PBXFileReference; lastKnownFileType = folder.assetcatalog; path = Assets.xcassets; sourceTree = "<group>"; };
		EBEDBA8028A9AEBE007D3EC6 /* Base */ = {isa = PBXFileReference; lastKnownFileType = file.storyboard; name = Base; path = Base.lproj/LaunchScreen.storyboard; sourceTree = "<group>"; };
		EBEDBA8228A9AEBE007D3EC6 /* Info.plist */ = {isa = PBXFileReference; lastKnownFileType = text.plist.xml; path = Info.plist; sourceTree = "<group>"; };
		EBEDBA8E28A9B0AE007D3EC6 /* APIClient.swift */ = {isa = PBXFileReference; lastKnownFileType = sourcecode.swift; path = APIClient.swift; sourceTree = "<group>"; };
		EBEDBA9028A9B118007D3EC6 /* APIClientResponse.swift */ = {isa = PBXFileReference; lastKnownFileType = sourcecode.swift; path = APIClientResponse.swift; sourceTree = "<group>"; };
		EBEDBA9228A9B61F007D3EC6 /* Constants.swift */ = {isa = PBXFileReference; lastKnownFileType = sourcecode.swift; path = Constants.swift; sourceTree = "<group>"; };
		F7974B9B25366F42019CF3C2 /* Pods_Zein_shopping.framework */ = {isa = PBXFileReference; explicitFileType = wrapper.framework; includeInIndex = 0; path = Pods_Zein_shopping.framework; sourceTree = BUILT_PRODUCTS_DIR; };
/* End PBXFileReference section */

/* Begin PBXFrameworksBuildPhase section */
		EBEDBA6E28A9AEBA007D3EC6 /* Frameworks */ = {
			isa = PBXFrameworksBuildPhase;
			buildActionMask = 2147483647;
			files = (
				55218CED19A30165B4C7D6AD /* Pods_Zein_shopping.framework in Frameworks */,
			);
			runOnlyForDeploymentPostprocessing = 0;
		};
/* End PBXFrameworksBuildPhase section */

/* Begin PBXGroup section */
		2E45EC2205AF21981766447E /* Frameworks */ = {
			isa = PBXGroup;
			children = (
				F7974B9B25366F42019CF3C2 /* Pods_Zein_shopping.framework */,
			);
			name = Frameworks;
			sourceTree = "<group>";
		};
		EB0025D328AA2AA600441451 /* View */ = {
			isa = PBXGroup;
			children = (
				EB0025D428AA2AD200441451 /* OrdersTableViewCell.swift */,
			);
			path = View;
			sourceTree = "<group>";
		};
		EB0025D828AA6CD600441451 /* OrderDetail */ = {
			isa = PBXGroup;
			children = (
				EB0025DC28AB046400441451 /* View */,
				EB0025DB28AB044900441451 /* Controller */,
			);
			path = OrderDetail;
			sourceTree = "<group>";
		};
		EB0025DB28AB044900441451 /* Controller */ = {
			isa = PBXGroup;
			children = (
				EB0025D928AA6CFE00441451 /* OrderDetailViewController.swift */,
			);
			path = Controller;
			sourceTree = "<group>";
		};
		EB0025DC28AB046400441451 /* View */ = {
			isa = PBXGroup;
			children = (
				EB0025DD28AB048700441451 /* OrderDetailTableViewCell.swift */,
			);
			path = View;
			sourceTree = "<group>";
		};
		EB0025DF28AB982E00441451 /* DataBase */ = {
			isa = PBXGroup;
			children = (
				EB0025E028AB985300441451 /* StorageProvider.swift */,
				EB0025E228AB98A100441451 /* OrderFaves.xcdatamodeld */,
			);
			path = DataBase;
			sourceTree = "<group>";
		};
		EBEDBA6828A9AEBA007D3EC6 = {
			isa = PBXGroup;
			children = (
				EBEDBA7328A9AEBA007D3EC6 /* Zein_shopping */,
				EBEDBA7228A9AEBA007D3EC6 /* Products */,
				FF4E18914296F5E1590F6050 /* Pods */,
				2E45EC2205AF21981766447E /* Frameworks */,
			);
			sourceTree = "<group>";
		};
		EBEDBA7228A9AEBA007D3EC6 /* Products */ = {
			isa = PBXGroup;
			children = (
				EBEDBA7128A9AEBA007D3EC6 /* Zein_shopping.app */,
			);
			name = Products;
			sourceTree = "<group>";
		};
		EBEDBA7328A9AEBA007D3EC6 /* Zein_shopping */ = {
			isa = PBXGroup;
			children = (
				EB0025DF28AB982E00441451 /* DataBase */,
				EBEDBA8228A9AEBE007D3EC6 /* Info.plist */,
				EBEDBA8D28A9B089007D3EC6 /* APIClient */,
				EBEDBA8A28A9B034007D3EC6 /* Features */,
				EBEDBA8928A9AFA1007D3EC6 /* Resources */,
				EBEDBA8828A9AF94007D3EC6 /* Extensions */,
			);
			path = Zein_shopping;
			sourceTree = "<group>";
		};
		EBEDBA8828A9AF94007D3EC6 /* Extensions */ = {
			isa = PBXGroup;
			children = (
				EB0025D628AA2BD800441451 /* UIView.swift */,
			);
			path = Extensions;
			sourceTree = "<group>";
		};
		EBEDBA8928A9AFA1007D3EC6 /* Resources */ = {
			isa = PBXGroup;
			children = (
				EBEDBA7428A9AEBA007D3EC6 /* AppDelegate.swift */,
				EBEDBA7628A9AEBA007D3EC6 /* SceneDelegate.swift */,
				EBEDBA7D28A9AEBE007D3EC6 /* Assets.xcassets */,
				EB0025E528AC49BF00441451 /* whoosh1.wav */,
				EBEDBA7F28A9AEBE007D3EC6 /* LaunchScreen.storyboard */,
			);
			path = Resources;
			sourceTree = "<group>";
		};
		EBEDBA8A28A9B034007D3EC6 /* Features */ = {
			isa = PBXGroup;
			children = (
				EB0025D828AA6CD600441451 /* OrderDetail */,
				EBEDBA8B28A9B04A007D3EC6 /* Orders */,
			);
			path = Features;
			sourceTree = "<group>";
		};
		EBEDBA8B28A9B04A007D3EC6 /* Orders */ = {
			isa = PBXGroup;
			children = (
				EB0025D328AA2AA600441451 /* View */,
				EBEDBA8C28A9B062007D3EC6 /* Controllers */,
			);
			path = Orders;
			sourceTree = "<group>";
		};
		EBEDBA8C28A9B062007D3EC6 /* Controllers */ = {
			isa = PBXGroup;
			children = (
				EBEDBA7828A9AEBA007D3EC6 /* OrdersViewController.swift */,
			);
			path = Controllers;
			sourceTree = "<group>";
		};
		EBEDBA8D28A9B089007D3EC6 /* APIClient */ = {
			isa = PBXGroup;
			children = (
				EBEDBA8E28A9B0AE007D3EC6 /* APIClient.swift */,
				EBEDBA9028A9B118007D3EC6 /* APIClientResponse.swift */,
				EBEDBA9228A9B61F007D3EC6 /* Constants.swift */,
			);
			path = APIClient;
			sourceTree = "<group>";
		};
		FF4E18914296F5E1590F6050 /* Pods */ = {
			isa = PBXGroup;
			children = (
				9C88205005472E12C132CA20 /* Pods-Zein_shopping.debug.xcconfig */,
				2523CE66F2DF3979178D4A9D /* Pods-Zein_shopping.release.xcconfig */,
			);
			path = Pods;
			sourceTree = "<group>";
		};
/* End PBXGroup section */

/* Begin PBXNativeTarget section */
		EBEDBA7028A9AEBA007D3EC6 /* Zein_shopping */ = {
			isa = PBXNativeTarget;
			buildConfigurationList = EBEDBA8528A9AEBE007D3EC6 /* Build configuration list for PBXNativeTarget "Zein_shopping" */;
			buildPhases = (
				F3B0EA2F62CB853616D36F70 /* [CP] Check Pods Manifest.lock */,
				EBEDBA6D28A9AEBA007D3EC6 /* Sources */,
				EBEDBA6E28A9AEBA007D3EC6 /* Frameworks */,
				EBEDBA6F28A9AEBA007D3EC6 /* Resources */,
				C13A3BF636E926384AD65743 /* [CP] Embed Pods Frameworks */,
				058B27901C48E0C0405DFEC4 /* [CP] Copy Pods Resources */,
			);
			buildRules = (
			);
			dependencies = (
			);
			name = Zein_shopping;
			productName = Zein_shopping;
			productReference = EBEDBA7128A9AEBA007D3EC6 /* Zein_shopping.app */;
			productType = "com.apple.product-type.application";
		};
/* End PBXNativeTarget section */

/* Begin PBXProject section */
		EBEDBA6928A9AEBA007D3EC6 /* Project object */ = {
			isa = PBXProject;
			attributes = {
				BuildIndependentTargetsInParallel = 1;
				LastSwiftUpdateCheck = 1340;
				LastUpgradeCheck = 1340;
				TargetAttributes = {
					EBEDBA7028A9AEBA007D3EC6 = {
						CreatedOnToolsVersion = 13.4.1;
					};
				};
			};
			buildConfigurationList = EBEDBA6C28A9AEBA007D3EC6 /* Build configuration list for PBXProject "Zein_shopping" */;
			compatibilityVersion = "Xcode 13.0";
			developmentRegion = en;
			hasScannedForEncodings = 0;
			knownRegions = (
				en,
				Base,
			);
			mainGroup = EBEDBA6828A9AEBA007D3EC6;
			productRefGroup = EBEDBA7228A9AEBA007D3EC6 /* Products */;
			projectDirPath = "";
			projectRoot = "";
			targets = (
				EBEDBA7028A9AEBA007D3EC6 /* Zein_shopping */,
			);
		};
/* End PBXProject section */

/* Begin PBXResourcesBuildPhase section */
		EBEDBA6F28A9AEBA007D3EC6 /* Resources */ = {
			isa = PBXResourcesBuildPhase;
			buildActionMask = 2147483647;
			files = (
				EBEDBA8128A9AEBE007D3EC6 /* LaunchScreen.storyboard in Resources */,
				EB0025E628AC49BF00441451 /* whoosh1.wav in Resources */,
				EBEDBA7E28A9AEBE007D3EC6 /* Assets.xcassets in Resources */,
			);
			runOnlyForDeploymentPostprocessing = 0;
		};
/* End PBXResourcesBuildPhase section */

/* Begin PBXShellScriptBuildPhase section */
		058B27901C48E0C0405DFEC4 /* [CP] Copy Pods Resources */ = {
			isa = PBXShellScriptBuildPhase;
			buildActionMask = 2147483647;
			files = (
			);
			inputFileListPaths = (
				"${PODS_ROOT}/Target Support Files/Pods-Zein_shopping/Pods-Zein_shopping-resources-${CONFIGURATION}-input-files.xcfilelist",
			);
			name = "[CP] Copy Pods Resources";
			outputFileListPaths = (
				"${PODS_ROOT}/Target Support Files/Pods-Zein_shopping/Pods-Zein_shopping-resources-${CONFIGURATION}-output-files.xcfilelist",
			);
			runOnlyForDeploymentPostprocessing = 0;
			shellPath = /bin/sh;
			shellScript = "\"${PODS_ROOT}/Target Support Files/Pods-Zein_shopping/Pods-Zein_shopping-resources.sh\"\n";
			showEnvVarsInLog = 0;
		};
		C13A3BF636E926384AD65743 /* [CP] Embed Pods Frameworks */ = {
			isa = PBXShellScriptBuildPhase;
			buildActionMask = 2147483647;
			files = (
			);
			inputFileListPaths = (
				"${PODS_ROOT}/Target Support Files/Pods-Zein_shopping/Pods-Zein_shopping-frameworks-${CONFIGURATION}-input-files.xcfilelist",
			);
			name = "[CP] Embed Pods Frameworks";
			outputFileListPaths = (
				"${PODS_ROOT}/Target Support Files/Pods-Zein_shopping/Pods-Zein_shopping-frameworks-${CONFIGURATION}-output-files.xcfilelist",
			);
			runOnlyForDeploymentPostprocessing = 0;
			shellPath = /bin/sh;
			shellScript = "\"${PODS_ROOT}/Target Support Files/Pods-Zein_shopping/Pods-Zein_shopping-frameworks.sh\"\n";
			showEnvVarsInLog = 0;
		};
		F3B0EA2F62CB853616D36F70 /* [CP] Check Pods Manifest.lock */ = {
			isa = PBXShellScriptBuildPhase;
			buildActionMask = 2147483647;
			files = (
			);
			inputFileListPaths = (
			);
			inputPaths = (
				"${PODS_PODFILE_DIR_PATH}/Podfile.lock",
				"${PODS_ROOT}/Manifest.lock",
			);
			name = "[CP] Check Pods Manifest.lock";
			outputFileListPaths = (
			);
			outputPaths = (
				"$(DERIVED_FILE_DIR)/Pods-Zein_shopping-checkManifestLockResult.txt",
			);
			runOnlyForDeploymentPostprocessing = 0;
			shellPath = /bin/sh;
			shellScript = "diff \"${PODS_PODFILE_DIR_PATH}/Podfile.lock\" \"${PODS_ROOT}/Manifest.lock\" > /dev/null\nif [ $? != 0 ] ; then\n    # print error to STDERR\n    echo \"error: The sandbox is not in sync with the Podfile.lock. Run 'pod install' or update your CocoaPods installation.\" >&2\n    exit 1\nfi\n# This output is used by Xcode 'outputs' to avoid re-running this script phase.\necho \"SUCCESS\" > \"${SCRIPT_OUTPUT_FILE_0}\"\n";
			showEnvVarsInLog = 0;
		};
/* End PBXShellScriptBuildPhase section */

/* Begin PBXSourcesBuildPhase section */
		EBEDBA6D28A9AEBA007D3EC6 /* Sources */ = {
			isa = PBXSourcesBuildPhase;
			buildActionMask = 2147483647;
			files = (
				EB0025DA28AA6CFE00441451 /* OrderDetailViewController.swift in Sources */,
				EB0025E128AB985300441451 /* StorageProvider.swift in Sources */,
				EB0025DE28AB048700441451 /* OrderDetailTableViewCell.swift in Sources */,
				EB0025D728AA2BD800441451 /* UIView.swift in Sources */,
				EBEDBA7928A9AEBA007D3EC6 /* OrdersViewController.swift in Sources */,
				EBEDBA7528A9AEBA007D3EC6 /* AppDelegate.swift in Sources */,
				EB0025D528AA2AD200441451 /* OrdersTableViewCell.swift in Sources */,
				EBEDBA7728A9AEBA007D3EC6 /* SceneDelegate.swift in Sources */,
				EB0025E428AB98A100441451 /* OrderFaves.xcdatamodeld in Sources */,
				EBEDBA9128A9B118007D3EC6 /* APIClientResponse.swift in Sources */,
				EBEDBA8F28A9B0AE007D3EC6 /* APIClient.swift in Sources */,
				EBEDBA9328A9B61F007D3EC6 /* Constants.swift in Sources */,
			);
			runOnlyForDeploymentPostprocessing = 0;
		};
/* End PBXSourcesBuildPhase section */

/* Begin PBXVariantGroup section */
		EBEDBA7F28A9AEBE007D3EC6 /* LaunchScreen.storyboard */ = {
			isa = PBXVariantGroup;
			children = (
				EBEDBA8028A9AEBE007D3EC6 /* Base */,
			);
			name = LaunchScreen.storyboard;
			sourceTree = "<group>";
		};
/* End PBXVariantGroup section */

/* Begin XCBuildConfiguration section */
		EBEDBA8328A9AEBE007D3EC6 /* Debug */ = {
			isa = XCBuildConfiguration;
			buildSettings = {
				ALWAYS_SEARCH_USER_PATHS = NO;
				CLANG_ANALYZER_NONNULL = YES;
				CLANG_ANALYZER_NUMBER_OBJECT_CONVERSION = YES_AGGRESSIVE;
				CLANG_CXX_LANGUAGE_STANDARD = "gnu++17";
				CLANG_ENABLE_MODULES = YES;
				CLANG_ENABLE_OBJC_ARC = YES;
				CLANG_ENABLE_OBJC_WEAK = YES;
				CLANG_WARN_BLOCK_CAPTURE_AUTORELEASING = YES;
				CLANG_WARN_BOOL_CONVERSION = YES;
				CLANG_WARN_COMMA = YES;
				CLANG_WARN_CONSTANT_CONVERSION = YES;
				CLANG_WARN_DEPRECATED_OBJC_IMPLEMENTATIONS = YES;
				CLANG_WARN_DIRECT_OBJC_ISA_USAGE = YES_ERROR;
				CLANG_WARN_DOCUMENTATION_COMMENTS = YES;
				CLANG_WARN_EMPTY_BODY = YES;
				CLANG_WARN_ENUM_CONVERSION = YES;
				CLANG_WARN_INFINITE_RECURSION = YES;
				CLANG_WARN_INT_CONVERSION = YES;
				CLANG_WARN_NON_LITERAL_NULL_CONVERSION = YES;
				CLANG_WARN_OBJC_IMPLICIT_RETAIN_SELF = YES;
				CLANG_WARN_OBJC_LITERAL_CONVERSION = YES;
				CLANG_WARN_OBJC_ROOT_CLASS = YES_ERROR;
				CLANG_WARN_QUOTED_INCLUDE_IN_FRAMEWORK_HEADER = YES;
				CLANG_WARN_RANGE_LOOP_ANALYSIS = YES;
				CLANG_WARN_STRICT_PROTOTYPES = YES;
				CLANG_WARN_SUSPICIOUS_MOVE = YES;
				CLANG_WARN_UNGUARDED_AVAILABILITY = YES_AGGRESSIVE;
				CLANG_WARN_UNREACHABLE_CODE = YES;
				CLANG_WARN__DUPLICATE_METHOD_MATCH = YES;
				COPY_PHASE_STRIP = NO;
				DEBUG_INFORMATION_FORMAT = dwarf;
				ENABLE_STRICT_OBJC_MSGSEND = YES;
				ENABLE_TESTABILITY = YES;
				GCC_C_LANGUAGE_STANDARD = gnu11;
				GCC_DYNAMIC_NO_PIC = NO;
				GCC_NO_COMMON_BLOCKS = YES;
				GCC_OPTIMIZATION_LEVEL = 0;
				GCC_PREPROCESSOR_DEFINITIONS = (
					"DEBUG=1",
					"$(inherited)",
				);
				GCC_WARN_64_TO_32_BIT_CONVERSION = YES;
				GCC_WARN_ABOUT_RETURN_TYPE = YES_ERROR;
				GCC_WARN_UNDECLARED_SELECTOR = YES;
				GCC_WARN_UNINITIALIZED_AUTOS = YES_AGGRESSIVE;
				GCC_WARN_UNUSED_FUNCTION = YES;
				GCC_WARN_UNUSED_VARIABLE = YES;
				IPHONEOS_DEPLOYMENT_TARGET = 15.5;
				MTL_ENABLE_DEBUG_INFO = INCLUDE_SOURCE;
				MTL_FAST_MATH = YES;
				ONLY_ACTIVE_ARCH = YES;
				SDKROOT = iphoneos;
				SWIFT_ACTIVE_COMPILATION_CONDITIONS = DEBUG;
				SWIFT_OPTIMIZATION_LEVEL = "-Onone";
			};
			name = Debug;
		};
		EBEDBA8428A9AEBE007D3EC6 /* Release */ = {
			isa = XCBuildConfiguration;
			buildSettings = {
				ALWAYS_SEARCH_USER_PATHS = NO;
				CLANG_ANALYZER_NONNULL = YES;
				CLANG_ANALYZER_NUMBER_OBJECT_CONVERSION = YES_AGGRESSIVE;
				CLANG_CXX_LANGUAGE_STANDARD = "gnu++17";
				CLANG_ENABLE_MODULES = YES;
				CLANG_ENABLE_OBJC_ARC = YES;
				CLANG_ENABLE_OBJC_WEAK = YES;
				CLANG_WARN_BLOCK_CAPTURE_AUTORELEASING = YES;
				CLANG_WARN_BOOL_CONVERSION = YES;
				CLANG_WARN_COMMA = YES;
				CLANG_WARN_CONSTANT_CONVERSION = YES;
				CLANG_WARN_DEPRECATED_OBJC_IMPLEMENTATIONS = YES;
				CLANG_WARN_DIRECT_OBJC_ISA_USAGE = YES_ERROR;
				CLANG_WARN_DOCUMENTATION_COMMENTS = YES;
				CLANG_WARN_EMPTY_BODY = YES;
				CLANG_WARN_ENUM_CONVERSION = YES;
				CLANG_WARN_INFINITE_RECURSION = YES;
				CLANG_WARN_INT_CONVERSION = YES;
				CLANG_WARN_NON_LITERAL_NULL_CONVERSION = YES;
				CLANG_WARN_OBJC_IMPLICIT_RETAIN_SELF = YES;
				CLANG_WARN_OBJC_LITERAL_CONVERSION = YES;
				CLANG_WARN_OBJC_ROOT_CLASS = YES_ERROR;
				CLANG_WARN_QUOTED_INCLUDE_IN_FRAMEWORK_HEADER = YES;
				CLANG_WARN_RANGE_LOOP_ANALYSIS = YES;
				CLANG_WARN_STRICT_PROTOTYPES = YES;
				CLANG_WARN_SUSPICIOUS_MOVE = YES;
				CLANG_WARN_UNGUARDED_AVAILABILITY = YES_AGGRESSIVE;
				CLANG_WARN_UNREACHABLE_CODE = YES;
				CLANG_WARN__DUPLICATE_METHOD_MATCH = YES;
				COPY_PHASE_STRIP = NO;
				DEBUG_INFORMATION_FORMAT = "dwarf-with-dsym";
				ENABLE_NS_ASSERTIONS = NO;
				ENABLE_STRICT_OBJC_MSGSEND = YES;
				GCC_C_LANGUAGE_STANDARD = gnu11;
				GCC_NO_COMMON_BLOCKS = YES;
				GCC_WARN_64_TO_32_BIT_CONVERSION = YES;
				GCC_WARN_ABOUT_RETURN_TYPE = YES_ERROR;
				GCC_WARN_UNDECLARED_SELECTOR = YES;
				GCC_WARN_UNINITIALIZED_AUTOS = YES_AGGRESSIVE;
				GCC_WARN_UNUSED_FUNCTION = YES;
				GCC_WARN_UNUSED_VARIABLE = YES;
				IPHONEOS_DEPLOYMENT_TARGET = 15.5;
				MTL_ENABLE_DEBUG_INFO = NO;
				MTL_FAST_MATH = YES;
				SDKROOT = iphoneos;
				SWIFT_COMPILATION_MODE = wholemodule;
				SWIFT_OPTIMIZATION_LEVEL = "-O";
				VALIDATE_PRODUCT = YES;
			};
			name = Release;
		};
		EBEDBA8628A9AEBE007D3EC6 /* Debug */ = {
			isa = XCBuildConfiguration;
			baseConfigurationReference = 9C88205005472E12C132CA20 /* Pods-Zein_shopping.debug.xcconfig */;
			buildSettings = {
				ASSETCATALOG_COMPILER_APPICON_NAME = AppIcon;
				ASSETCATALOG_COMPILER_GLOBAL_ACCENT_COLOR_NAME = AccentColor;
				CODE_SIGN_STYLE = Automatic;
				CURRENT_PROJECT_VERSION = 1;
				EXCLUDED_ARCHS = arm64;
				"EXCLUDED_ARCHS[sdk=iphonesimulator*]" = arm64;
				GENERATE_INFOPLIST_FILE = YES;
				INFOPLIST_FILE = Zein_shopping/Info.plist;
				INFOPLIST_KEY_UIApplicationSupportsIndirectInputEvents = YES;
				INFOPLIST_KEY_UILaunchStoryboardName = LaunchScreen;
				INFOPLIST_KEY_UISupportedInterfaceOrientations_iPad = "UIInterfaceOrientationPortrait UIInterfaceOrientationPortraitUpsideDown UIInterfaceOrientationLandscapeLeft UIInterfaceOrientationLandscapeRight";
				INFOPLIST_KEY_UISupportedInterfaceOrientations_iPhone = "UIInterfaceOrientationPortrait UIInterfaceOrientationLandscapeLeft UIInterfaceOrientationLandscapeRight";
				LD_RUNPATH_SEARCH_PATHS = (
					"$(inherited)",
					"@executable_path/Frameworks",
				);
				MARKETING_VERSION = 1.0;
				PRODUCT_BUNDLE_IDENTIFIER = "zein.Zein-shopping";
				PRODUCT_NAME = "$(TARGET_NAME)";
				SWIFT_EMIT_LOC_STRINGS = YES;
				SWIFT_VERSION = 5.0;
				TARGETED_DEVICE_FAMILY = "1,2";
			};
			name = Debug;
		};
		EBEDBA8728A9AEBE007D3EC6 /* Release */ = {
			isa = XCBuildConfiguration;
			baseConfigurationReference = 2523CE66F2DF3979178D4A9D /* Pods-Zein_shopping.release.xcconfig */;
			buildSettings = {
				ASSETCATALOG_COMPILER_APPICON_NAME = AppIcon;
				ASSETCATALOG_COMPILER_GLOBAL_ACCENT_COLOR_NAME = AccentColor;
				CODE_SIGN_STYLE = Automatic;
				CURRENT_PROJECT_VERSION = 1;
				EXCLUDED_ARCHS = arm64;
				"EXCLUDED_ARCHS[sdk=iphonesimulator*]" = arm64;
				GENERATE_INFOPLIST_FILE = YES;
				INFOPLIST_FILE = Zein_shopping/Info.plist;
				INFOPLIST_KEY_UIApplicationSupportsIndirectInputEvents = YES;
				INFOPLIST_KEY_UILaunchStoryboardName = LaunchScreen;
				INFOPLIST_KEY_UISupportedInterfaceOrientations_iPad = "UIInterfaceOrientationPortrait UIInterfaceOrientationPortraitUpsideDown UIInterfaceOrientationLandscapeLeft UIInterfaceOrientationLandscapeRight";
				INFOPLIST_KEY_UISupportedInterfaceOrientations_iPhone = "UIInterfaceOrientationPortrait UIInterfaceOrientationLandscapeLeft UIInterfaceOrientationLandscapeRight";
				LD_RUNPATH_SEARCH_PATHS = (
					"$(inherited)",
					"@executable_path/Frameworks",
				);
				MARKETING_VERSION = 1.0;
				PRODUCT_BUNDLE_IDENTIFIER = "zein.Zein-shopping";
				PRODUCT_NAME = "$(TARGET_NAME)";
				SWIFT_EMIT_LOC_STRINGS = YES;
				SWIFT_VERSION = 5.0;
				TARGETED_DEVICE_FAMILY = "1,2";
			};
			name = Release;
		};
/* End XCBuildConfiguration section */

/* Begin XCConfigurationList section */
		EBEDBA6C28A9AEBA007D3EC6 /* Build configuration list for PBXProject "Zein_shopping" */ = {
			isa = XCConfigurationList;
			buildConfigurations = (
				EBEDBA8328A9AEBE007D3EC6 /* Debug */,
				EBEDBA8428A9AEBE007D3EC6 /* Release */,
			);
			defaultConfigurationIsVisible = 0;
			defaultConfigurationName = Release;
		};
		EBEDBA8528A9AEBE007D3EC6 /* Build configuration list for PBXNativeTarget "Zein_shopping" */ = {
			isa = XCConfigurationList;
			buildConfigurations = (
				EBEDBA8628A9AEBE007D3EC6 /* Debug */,
				EBEDBA8728A9AEBE007D3EC6 /* Release */,
			);
			defaultConfigurationIsVisible = 0;
			defaultConfigurationName = Release;
		};
/* End XCConfigurationList section */

/* Begin XCVersionGroup section */
		EB0025E228AB98A100441451 /* OrderFaves.xcdatamodeld */ = {
			isa = XCVersionGroup;
			children = (
				EB0025E328AB98A100441451 /* OrderFaves.xcdatamodel */,
			);
			currentVersion = EB0025E328AB98A100441451 /* OrderFaves.xcdatamodel */;
			path = OrderFaves.xcdatamodeld;
			sourceTree = "<group>";
			versionGroupType = wrapper.xcdatamodel;
		};
/* End XCVersionGroup section */
	};
	rootObject = EBEDBA6928A9AEBA007D3EC6 /* Project object */;
}
